Microsoft Visual Studio Solution File, Format Version 12.00
# Visual Studio Version 17
VisualStudioVersion = 17.5.2.0
MinimumVisualStudioVersion = 10.0.40219.1
Project("{FAE04EC0-301F-11D3-BF4B-00C04F79EFBC}") = "CompanyEmployees2", "CompanyEmployees2\CompanyEmployees2.csproj", "{B3CD9CE6-51CA-059E-3955-390A51E60746}"
EndProject
Project("{FAE04EC0-301F-11D3-BF4B-00C04F79EFBC}") = "Contracts", "Contracts\Contracts.csproj", "{BCCDA2E1-C7C8-4228-856E-8855D8A830DD}"
EndProject
Project("{FAE04EC0-301F-11D3-BF4B-00C04F79EFBC}") = "LoggerService", "LoggerService\LoggerService.csproj", "{50B90DA6-6DB0-4BEA-B22A-D42BC7BAB731}"
EndProject
Project("{FAE04EC0-301F-11D3-BF4B-00C04F79EFBC}") = "Entities", "Entities\Entities.csproj", "{CA07942B-4700-4D0A-B7F0-60BF65D189F5}"
EndProject
Project("{FAE04EC0-301F-11D3-BF4B-00C04F79EFBC}") = "Repository", "Repository\Repository.csproj", "{EFE0D7CB-BEA1-49DA-9773-C18E6A1694CA}"
EndProject
Global
	GlobalSection(SolutionConfigurationPlatforms) = preSolution
		Debug|Any CPU = Debug|Any CPU
		Release|Any CPU = Release|Any CPU
	EndGlobalSection
	GlobalSection(ProjectConfigurationPlatforms) = postSolution
		{B3CD9CE6-51CA-059E-3955-390A51E60746}.Debug|Any CPU.ActiveCfg = Debug|Any CPU
		{B3CD9CE6-51CA-059E-3955-390A51E60746}.Debug|Any CPU.Build.0 = Debug|Any CPU
		{B3CD9CE6-51CA-059E-3955-390A51E60746}.Release|Any CPU.ActiveCfg = Release|Any CPU
		{B3CD9CE6-51CA-059E-3955-390A51E60746}.Release|Any CPU.Build.0 = Release|Any CPU
		{BCCDA2E1-C7C8-4228-856E-8855D8A830DD}.Debug|Any CPU.ActiveCfg = Debug|Any CPU
		{BCCDA2E1-C7C8-4228-856E-8855D8A830DD}.Debug|Any CPU.Build.0 = Debug|Any CPU
		{50B90DA6-6DB0-4BEA-B22A-D42BC7BAB731}.Debug|Any CPU.ActiveCfg = Debug|Any CPU
		{50B90DA6-6DB0-4BEA-B22A-D42BC7BAB731}.Debug|Any CPU.Build.0 = Debug|Any CPU
		{CA07942B-4700-4D0A-B7F0-60BF65D189F5}.Debug|Any CPU.ActiveCfg = Debug|Any CPU
		{CA07942B-4700-4D0A-B7F0-60BF65D189F5}.Debug|Any CPU.Build.0 = Debug|Any CPU
		{CA07942B-4700-4D0A-B7F0-60BF65D189F5}.Release|Any CPU.ActiveCfg = Release|Any CPU
		{CA07942B-4700-4D0A-B7F0-60BF65D189F5}.Release|Any CPU.Build.0 = Release|Any CPU
		{EFE0D7CB-BEA1-49DA-9773-C18E6A1694CA}.Debug|Any CPU.ActiveCfg = Debug|Any CPU
		{EFE0D7CB-BEA1-49DA-9773-C18E6A1694CA}.Debug|Any CPU.Build.0 = Debug|Any CPU
		{EFE0D7CB-BEA1-49DA-9773-C18E6A1694CA}.Release|Any CPU.ActiveCfg = Release|Any CPU
		{EFE0D7CB-BEA1-49DA-9773-C18E6A1694CA}.Release|Any CPU.Build.0 = Release|Any CPU
	EndGlobalSection
	GlobalSection(SolutionProperties) = preSolution
		HideSolutionNode = FALSE
	EndGlobalSection
	GlobalSection(ExtensibilityGlobals) = postSolution
		SolutionGuid = {88582B58-3628-4FFC-8D4C-181DE2E9AE55}
	EndGlobalSection
EndGlobal
